
Microsoft Visual Studio Solution File, Format Version 12.00
# Visual Studio 15
VisualStudioVersion = 15.0.28307.1082
MinimumVisualStudioVersion = 10.0.40219.1
Project("{8BC9CEB8-8B4A-11D0-8D11-00A0C91BC942}") = "MonitorSection", "MonitorSection\MonitorSection.vcxproj", "{E08BB032-AAF6-4C50-B0EE-6BA49E988EBF}"
EndProject
Global
	GlobalSection(SolutionConfigurationPlatforms) = preSolution
		Debug|ARM = Debug|ARM
		Debug|ARM64 = Debug|ARM64
		Debug|x64 = Debug|x64
		Debug|x86 = Debug|x86
		Release|ARM = Release|ARM
		Release|ARM64 = Release|ARM64
		Release|x64 = Release|x64
		Release|x86 = Release|x86
	EndGlobalSection
	GlobalSection(ProjectConfigurationPlatforms) = postSolution
		{E08BB032-AAF6-4C50-B0EE-6BA49E988EBF}.Debug|ARM.ActiveCfg = Debug|ARM
		{E08BB032-AAF6-4C50-B0EE-6BA49E988EBF}.Debug|ARM.Build.0 = Debug|ARM
		{E08BB032-AAF6-4C50-B0EE-6BA49E988EBF}.Debug|ARM.Deploy.0 = Debug|ARM
		{E08BB032-AAF6-4C50-B0EE-6BA49E988EBF}.Debug|ARM64.ActiveCfg = Debug|ARM64
		{E08BB032-AAF6-4C50-B0EE-6BA49E988EBF}.Debug|ARM64.Build.0 = Debug|ARM64
		{E08BB032-AAF6-4C50-B0EE-6BA49E988EBF}.Debug|ARM64.Deploy.0 = Debug|ARM64
		{E08BB032-AAF6-4C50-B0EE-6BA49E988EBF}.Debug|x64.ActiveCfg = Debug|x64
		{E08BB032-AAF6-4C50-B0EE-6BA49E988EBF}.Debug|x64.Build.0 = Debug|x64
		{E08BB032-AAF6-4C50-B0EE-6BA49E988EBF}.Debug|x64.Deploy.0 = Debug|x64
		{E08BB032-AAF6-4C50-B0EE-6BA49E988EBF}.Debug|x86.ActiveCfg = Debug|Win32
		{E08BB032-AAF6-4C50-B0EE-6BA49E988EBF}.Debug|x86.Build.0 = Debug|Win32
		{E08BB032-AAF6-4C50-B0EE-6BA49E988EBF}.Debug|x86.Deploy.0 = Debug|Win32
		{E08BB032-AAF6-4C50-B0EE-6BA49E988EBF}.Release|ARM.ActiveCfg = Release|ARM
		{E08BB032-AAF6-4C50-B0EE-6BA49E988EBF}.Release|ARM.Build.0 = Release|ARM
		{E08BB032-AAF6-4C50-B0EE-6BA49E988EBF}.Release|ARM.Deploy.0 = Release|ARM
		{E08BB032-AAF6-4C50-B0EE-6BA49E988EBF}.Release|ARM64.ActiveCfg = Release|ARM64
		{E08BB032-AAF6-4C50-B0EE-6BA49E988EBF}.Release|ARM64.Build.0 = Release|ARM64
		{E08BB032-AAF6-4C50-B0EE-6BA49E988EBF}.Release|ARM64.Deploy.0 = Release|ARM64
		{E08BB032-AAF6-4C50-B0EE-6BA49E988EBF}.Release|x64.ActiveCfg = Release|x64
		{E08BB032-AAF6-4C50-B0EE-6BA49E988EBF}.Release|x64.Build.0 = Release|x64
		{E08BB032-AAF6-4C50-B0EE-6BA49E988EBF}.Release|x64.Deploy.0 = Release|x64
		{E08BB032-AAF6-4C50-B0EE-6BA49E988EBF}.Release|x86.ActiveCfg = Release|Win32
		{E08BB032-AAF6-4C50-B0EE-6BA49E988EBF}.Release|x86.Build.0 = Release|Win32
		{E08BB032-AAF6-4C50-B0EE-6BA49E988EBF}.Release|x86.Deploy.0 = Release|Win32
	EndGlobalSection
	GlobalSection(SolutionProperties) = preSolution
		HideSolutionNode = FALSE
	EndGlobalSection
	GlobalSection(ExtensibilityGlobals) = postSolution
		SolutionGuid = {E352CA35-02B4-445F-B45C-0C59F80F4336}
	EndGlobalSection
EndGlobal
